
Microsoft Visual Studio Solution File, Format Version 12.00
# Visual Studio Version 17
VisualStudioVersion = 17.14.36623.8 d17.14
MinimumVisualStudioVersion = 10.0.40219.1
Project("{54435603-DBB4-11D2-8724-00A0C9A8B90C}") = "Setup1", "Setup1.vdproj", "{B66A52B6-5D10-9321-ED92-B8B3F7E7D67A}"
EndProject
Global
	GlobalSection(SolutionConfigurationPlatforms) = preSolution
		Debug|Default = Debug|Default
		Release|Default = Release|Default
	EndGlobalSection
	GlobalSection(ProjectConfigurationPlatforms) = postSolution
		{B66A52B6-5D10-9321-ED92-B8B3F7E7D67A}.Debug|Default.ActiveCfg = Debug
		{B66A52B6-5D10-9321-ED92-B8B3F7E7D67A}.Debug|Default.Build.0 = Debug
		{B66A52B6-5D10-9321-ED92-B8B3F7E7D67A}.Release|Default.ActiveCfg = Release
		{B66A52B6-5D10-9321-ED92-B8B3F7E7D67A}.Release|Default.Build.0 = Release
	EndGlobalSection
	GlobalSection(SolutionProperties) = preSolution
		HideSolutionNode = FALSE
	EndGlobalSection
	GlobalSection(ExtensibilityGlobals) = postSolution
		SolutionGuid = {51125B7A-AA4B-4B49-BD56-36ADA95CC2F9}
	EndGlobalSection
EndGlobal
